
Microsoft Visual Studio Solution File, Format Version 12.00
# Visual Studio Version 17
VisualStudioVersion = 17.6.33712.159
MinimumVisualStudioVersion = 10.0.40219.1
Project("{9A19103F-16F7-4668-BE54-9A1E7A4F7556}") = "FuelConsumption.Api", "FuelConsumption.Api\FuelConsumption.Api.csproj", "{D19C87E8-F0E7-479D-A6C4-052554546A90}"
EndProject
Global
	GlobalSection(SolutionConfigurationPlatforms) = preSolution
		Debug|Any CPU = Debug|Any CPU
		Release|Any CPU = Release|Any CPU
	EndGlobalSection
	GlobalSection(ProjectConfigurationPlatforms) = postSolution
		{D19C87E8-F0E7-479D-A6C4-052554546A90}.Debug|Any CPU.ActiveCfg = Debug|Any CPU
		{D19C87E8-F0E7-479D-A6C4-052554546A90}.Debug|Any CPU.Build.0 = Debug|Any CPU
		{D19C87E8-F0E7-479D-A6C4-052554546A90}.Release|Any CPU.ActiveCfg = Release|Any CPU
		{D19C87E8-F0E7-479D-A6C4-052554546A90}.Release|Any CPU.Build.0 = Release|Any CPU
	EndGlobalSection
	GlobalSection(SolutionProperties) = preSolution
		HideSolutionNode = FALSE
	EndGlobalSection
	GlobalSection(ExtensibilityGlobals) = postSolution
		SolutionGuid = {EE56A457-0878-4EBD-A9C4-FA885702A30E}
	EndGlobalSection
EndGlobal
